
Microsoft Visual Studio Solution File, Format Version 12.00
# Visual Studio Version 17
VisualStudioVersion = 17.5.33516.290
MinimumVisualStudioVersion = 10.0.40219.1
Project("{9A19103F-16F7-4668-BE54-9A1E7A4F7556}") = "Task_1", "Task_1\Task_1.csproj", "{AE64EC84-3738-4BA9-AF1F-3D909B5F86A2}"
EndProject
Project("{FAE04EC0-301F-11D3-BF4B-00C04F79EFBC}") = "Task_2", "Task_2\Task_2.csproj", "{8D23604A-995C-425C-BF1B-0DFF4925CAC5}"
EndProject
Project("{FAE04EC0-301F-11D3-BF4B-00C04F79EFBC}") = "Task_3", "Task_3\Task_3.csproj", "{E6D34D39-3E3D-4335-8B0B-E55A5ABC2699}"
EndProject
Project("{FAE04EC0-301F-11D3-BF4B-00C04F79EFBC}") = "Task_4", "Task_4\Task_4.csproj", "{5EC59F64-A895-418D-90C9-94C98F5F0F67}"
EndProject
Project("{FAE04EC0-301F-11D3-BF4B-00C04F79EFBC}") = "Task_5", "Task_5\Task_5.csproj", "{060FC528-EDCB-4A75-B8E2-57DF35422809}"
EndProject
Global
	GlobalSection(SolutionConfigurationPlatforms) = preSolution
		Debug|Any CPU = Debug|Any CPU
		Release|Any CPU = Release|Any CPU
	EndGlobalSection
	GlobalSection(ProjectConfigurationPlatforms) = postSolution
		{AE64EC84-3738-4BA9-AF1F-3D909B5F86A2}.Debug|Any CPU.ActiveCfg = Debug|Any CPU
		{AE64EC84-3738-4BA9-AF1F-3D909B5F86A2}.Debug|Any CPU.Build.0 = Debug|Any CPU
		{AE64EC84-3738-4BA9-AF1F-3D909B5F86A2}.Release|Any CPU.ActiveCfg = Release|Any CPU
		{AE64EC84-3738-4BA9-AF1F-3D909B5F86A2}.Release|Any CPU.Build.0 = Release|Any CPU
		{8D23604A-995C-425C-BF1B-0DFF4925CAC5}.Debug|Any CPU.ActiveCfg = Debug|Any CPU
		{8D23604A-995C-425C-BF1B-0DFF4925CAC5}.Debug|Any CPU.Build.0 = Debug|Any CPU
		{8D23604A-995C-425C-BF1B-0DFF4925CAC5}.Release|Any CPU.ActiveCfg = Release|Any CPU
		{8D23604A-995C-425C-BF1B-0DFF4925CAC5}.Release|Any CPU.Build.0 = Release|Any CPU
		{E6D34D39-3E3D-4335-8B0B-E55A5ABC2699}.Debug|Any CPU.ActiveCfg = Debug|Any CPU
		{E6D34D39-3E3D-4335-8B0B-E55A5ABC2699}.Debug|Any CPU.Build.0 = Debug|Any CPU
		{E6D34D39-3E3D-4335-8B0B-E55A5ABC2699}.Release|Any CPU.ActiveCfg = Release|Any CPU
		{E6D34D39-3E3D-4335-8B0B-E55A5ABC2699}.Release|Any CPU.Build.0 = Release|Any CPU
		{5EC59F64-A895-418D-90C9-94C98F5F0F67}.Debug|Any CPU.ActiveCfg = Debug|Any CPU
		{5EC59F64-A895-418D-90C9-94C98F5F0F67}.Debug|Any CPU.Build.0 = Debug|Any CPU
		{5EC59F64-A895-418D-90C9-94C98F5F0F67}.Release|Any CPU.ActiveCfg = Release|Any CPU
		{5EC59F64-A895-418D-90C9-94C98F5F0F67}.Release|Any CPU.Build.0 = Release|Any CPU
		{060FC528-EDCB-4A75-B8E2-57DF35422809}.Debug|Any CPU.ActiveCfg = Debug|Any CPU
		{060FC528-EDCB-4A75-B8E2-57DF35422809}.Debug|Any CPU.Build.0 = Debug|Any CPU
		{060FC528-EDCB-4A75-B8E2-57DF35422809}.Release|Any CPU.ActiveCfg = Release|Any CPU
		{060FC528-EDCB-4A75-B8E2-57DF35422809}.Release|Any CPU.Build.0 = Release|Any CPU
	EndGlobalSection
	GlobalSection(SolutionProperties) = preSolution
		HideSolutionNode = FALSE
	EndGlobalSection
	GlobalSection(ExtensibilityGlobals) = postSolution
		SolutionGuid = {E0592A6D-A912-47BF-B6EF-64B7B7C9C226}
	EndGlobalSection
EndGlobal
